
Microsoft Visual Studio Solution File, Format Version 12.00
# Visual Studio 14
VisualStudioVersion = 14.0.25420.1
MinimumVisualStudioVersion = 10.0.40219.1
Project("{FAE04EC0-301F-11D3-BF4B-00C04F79EFBC}") = "Print-All-Video-Titles", "TA-Rss-Operations\Print-All-Video-Titles.csproj", "{8125ABFD-7B78-4B52-8B8B-61E7D9BE38AF}"
EndProject
Project("{FAE04EC0-301F-11D3-BF4B-00C04F79EFBC}") = "YutubeVideos", "YutubeVideos\YutubeVideos.csproj", "{DC865485-E74B-4FCC-9725-D01AE9956853}"
EndProject
Project("{FAE04EC0-301F-11D3-BF4B-00C04F79EFBC}") = "Generate-Videos-Html", "Generate-Videos-Html\Generate-Videos-Html.csproj", "{11BE6E3D-BE12-4C1B-AB98-058A45298F0B}"
EndProject
Global
	GlobalSection(SolutionConfigurationPlatforms) = preSolution
		Debug|Any CPU = Debug|Any CPU
		Release|Any CPU = Release|Any CPU
	EndGlobalSection
	GlobalSection(ProjectConfigurationPlatforms) = postSolution
		{8125ABFD-7B78-4B52-8B8B-61E7D9BE38AF}.Debug|Any CPU.ActiveCfg = Debug|Any CPU
		{8125ABFD-7B78-4B52-8B8B-61E7D9BE38AF}.Debug|Any CPU.Build.0 = Debug|Any CPU
		{8125ABFD-7B78-4B52-8B8B-61E7D9BE38AF}.Release|Any CPU.ActiveCfg = Release|Any CPU
		{8125ABFD-7B78-4B52-8B8B-61E7D9BE38AF}.Release|Any CPU.Build.0 = Release|Any CPU
		{DC865485-E74B-4FCC-9725-D01AE9956853}.Debug|Any CPU.ActiveCfg = Debug|Any CPU
		{DC865485-E74B-4FCC-9725-D01AE9956853}.Debug|Any CPU.Build.0 = Debug|Any CPU
		{DC865485-E74B-4FCC-9725-D01AE9956853}.Release|Any CPU.ActiveCfg = Release|Any CPU
		{DC865485-E74B-4FCC-9725-D01AE9956853}.Release|Any CPU.Build.0 = Release|Any CPU
		{11BE6E3D-BE12-4C1B-AB98-058A45298F0B}.Debug|Any CPU.ActiveCfg = Debug|Any CPU
		{11BE6E3D-BE12-4C1B-AB98-058A45298F0B}.Debug|Any CPU.Build.0 = Debug|Any CPU
		{11BE6E3D-BE12-4C1B-AB98-058A45298F0B}.Release|Any CPU.ActiveCfg = Release|Any CPU
		{11BE6E3D-BE12-4C1B-AB98-058A45298F0B}.Release|Any CPU.Build.0 = Release|Any CPU
	EndGlobalSection
	GlobalSection(SolutionProperties) = preSolution
		HideSolutionNode = FALSE
	EndGlobalSection
EndGlobal
