
Microsoft Visual Studio Solution File, Format Version 12.00
# Visual Studio 14
VisualStudioVersion = 14.0.25420.1
MinimumVisualStudioVersion = 10.0.40219.1
Project("{FAE04EC0-301F-11D3-BF4B-00C04F79EFBC}") = "Test.Models", "Test.Models\Test.Models.csproj", "{19BF0738-8283-45D1-A2E1-C63BD76C7957}"
EndProject
Project("{FAE04EC0-301F-11D3-BF4B-00C04F79EFBC}") = "Test.Data", "Test.Data\Test.Data.csproj", "{1F6D10B2-15D3-48C0-8A1F-CAD2C0A671C5}"
EndProject
Project("{FAE04EC0-301F-11D3-BF4B-00C04F79EFBC}") = "Test.Client", "Test.Client\Test.Client.csproj", "{2C58C778-C1C1-4E8A-84DB-0E5E18F4ABE0}"
EndProject
Project("{FAE04EC0-301F-11D3-BF4B-00C04F79EFBC}") = "Test.DataGeneral", "Test.DataGeneral\Test.DataGeneral.csproj", "{3BB1B8C1-F658-4580-B0B6-B5B1ABA0B602}"
EndProject
Global
	GlobalSection(SolutionConfigurationPlatforms) = preSolution
		Debug|Any CPU = Debug|Any CPU
		Release|Any CPU = Release|Any CPU
	EndGlobalSection
	GlobalSection(ProjectConfigurationPlatforms) = postSolution
		{19BF0738-8283-45D1-A2E1-C63BD76C7957}.Debug|Any CPU.ActiveCfg = Debug|Any CPU
		{19BF0738-8283-45D1-A2E1-C63BD76C7957}.Debug|Any CPU.Build.0 = Debug|Any CPU
		{19BF0738-8283-45D1-A2E1-C63BD76C7957}.Release|Any CPU.ActiveCfg = Release|Any CPU
		{19BF0738-8283-45D1-A2E1-C63BD76C7957}.Release|Any CPU.Build.0 = Release|Any CPU
		{1F6D10B2-15D3-48C0-8A1F-CAD2C0A671C5}.Debug|Any CPU.ActiveCfg = Debug|Any CPU
		{1F6D10B2-15D3-48C0-8A1F-CAD2C0A671C5}.Debug|Any CPU.Build.0 = Debug|Any CPU
		{1F6D10B2-15D3-48C0-8A1F-CAD2C0A671C5}.Release|Any CPU.ActiveCfg = Release|Any CPU
		{1F6D10B2-15D3-48C0-8A1F-CAD2C0A671C5}.Release|Any CPU.Build.0 = Release|Any CPU
		{2C58C778-C1C1-4E8A-84DB-0E5E18F4ABE0}.Debug|Any CPU.ActiveCfg = Debug|Any CPU
		{2C58C778-C1C1-4E8A-84DB-0E5E18F4ABE0}.Debug|Any CPU.Build.0 = Debug|Any CPU
		{2C58C778-C1C1-4E8A-84DB-0E5E18F4ABE0}.Release|Any CPU.ActiveCfg = Release|Any CPU
		{2C58C778-C1C1-4E8A-84DB-0E5E18F4ABE0}.Release|Any CPU.Build.0 = Release|Any CPU
		{3BB1B8C1-F658-4580-B0B6-B5B1ABA0B602}.Debug|Any CPU.ActiveCfg = Debug|Any CPU
		{3BB1B8C1-F658-4580-B0B6-B5B1ABA0B602}.Debug|Any CPU.Build.0 = Debug|Any CPU
		{3BB1B8C1-F658-4580-B0B6-B5B1ABA0B602}.Release|Any CPU.ActiveCfg = Release|Any CPU
		{3BB1B8C1-F658-4580-B0B6-B5B1ABA0B602}.Release|Any CPU.Build.0 = Release|Any CPU
	EndGlobalSection
	GlobalSection(SolutionProperties) = preSolution
		HideSolutionNode = FALSE
	EndGlobalSection
EndGlobal
