
Microsoft Visual Studio Solution File, Format Version 12.00
# Visual Studio 14
VisualStudioVersion = 14.0.25420.1
MinimumVisualStudioVersion = 10.0.40219.1
Project("{FAE04EC0-301F-11D3-BF4B-00C04F79EFBC}") = "01.SumAndAverageOfSequence", "SumAndAverageOfSequence\01.SumAndAverageOfSequence.csproj", "{A84FB870-5F2C-4325-B187-EF7EC9CE3CD6}"
EndProject
Project("{FAE04EC0-301F-11D3-BF4B-00C04F79EFBC}") = "02.ReverseNumbers", "ReverseNumbers\02.ReverseNumbers.csproj", "{7C3B146F-3964-4ED8-8E9D-21A5335B831E}"
EndProject
Project("{FAE04EC0-301F-11D3-BF4B-00C04F79EFBC}") = "03.SortingInIncreasingOrder", "SortingInIncreasingOrder\03.SortingInIncreasingOrder.csproj", "{7CC82C61-8929-43D5-B9DD-A85FE5D6A0C2}"
EndProject
Project("{FAE04EC0-301F-11D3-BF4B-00C04F79EFBC}") = "04.LongestSubsequence", "LongestSubsequence\04.LongestSubsequence.csproj", "{77E5182C-7BF8-4818-BE93-84688E5FC7AA}"
EndProject
Project("{FAE04EC0-301F-11D3-BF4B-00C04F79EFBC}") = "05.RemoveNegativeNumbers", "RemoveNegativNumbers\05.RemoveNegativeNumbers.csproj", "{D04D56E8-6986-41D9-BA2E-3E7CF48F77E1}"
EndProject
Project("{FAE04EC0-301F-11D3-BF4B-00C04F79EFBC}") = "06.RemoveNumbersWithOddOccurance", "RemoveNumbersWithOddOccurance\06.RemoveNumbersWithOddOccurance.csproj", "{E1D55933-98FC-49D0-BA91-1D9D3AE9D6A1}"
EndProject
Project("{FAE04EC0-301F-11D3-BF4B-00C04F79EFBC}") = "07.BelongToRange", "BelongToRange\07.BelongToRange.csproj", "{926233CB-683E-40CA-AD95-77A01948A759}"
EndProject
Project("{FAE04EC0-301F-11D3-BF4B-00C04F79EFBC}") = "09.SequenceByFormula", "SequenceByFormula\09.SequenceByFormula.csproj", "{FE7BE657-2C6F-4CA6-88D6-A4DFECD92F8D}"
EndProject
Project("{FAE04EC0-301F-11D3-BF4B-00C04F79EFBC}") = "10.ShortestSequnce", "ShortestSequnce\10.ShortestSequnce.csproj", "{C05549EF-F32D-4FFA-B8CC-AE15EB69C9CC}"
EndProject
Project("{FAE04EC0-301F-11D3-BF4B-00C04F79EFBC}") = "11.LinkedList", "LinkedList\11.LinkedList.csproj", "{5734A0C8-C312-4DEB-9FBF-2D46BC1DE8AD}"
EndProject
Project("{FAE04EC0-301F-11D3-BF4B-00C04F79EFBC}") = "12.Stack", "Stack\12.Stack.csproj", "{189B9095-2120-4C94-BF04-DCAA25C11A90}"
EndProject
Project("{FAE04EC0-301F-11D3-BF4B-00C04F79EFBC}") = "13.Queue", "Queue\13.Queue.csproj", "{0AD84C2D-311E-4A8C-8108-4B1BD4BDBE3F}"
EndProject
Project("{FAE04EC0-301F-11D3-BF4B-00C04F79EFBC}") = "MajorantOfAnArray", "MajorantOfAnArray\MajorantOfAnArray.csproj", "{FD45FFBE-2DBE-4641-9D31-BE8F94EC04E3}"
EndProject
Global
	GlobalSection(SolutionConfigurationPlatforms) = preSolution
		Debug|Any CPU = Debug|Any CPU
		Release|Any CPU = Release|Any CPU
	EndGlobalSection
	GlobalSection(ProjectConfigurationPlatforms) = postSolution
		{A84FB870-5F2C-4325-B187-EF7EC9CE3CD6}.Debug|Any CPU.ActiveCfg = Debug|Any CPU
		{A84FB870-5F2C-4325-B187-EF7EC9CE3CD6}.Debug|Any CPU.Build.0 = Debug|Any CPU
		{A84FB870-5F2C-4325-B187-EF7EC9CE3CD6}.Release|Any CPU.ActiveCfg = Release|Any CPU
		{A84FB870-5F2C-4325-B187-EF7EC9CE3CD6}.Release|Any CPU.Build.0 = Release|Any CPU
		{7C3B146F-3964-4ED8-8E9D-21A5335B831E}.Debug|Any CPU.ActiveCfg = Debug|Any CPU
		{7C3B146F-3964-4ED8-8E9D-21A5335B831E}.Debug|Any CPU.Build.0 = Debug|Any CPU
		{7C3B146F-3964-4ED8-8E9D-21A5335B831E}.Release|Any CPU.ActiveCfg = Release|Any CPU
		{7C3B146F-3964-4ED8-8E9D-21A5335B831E}.Release|Any CPU.Build.0 = Release|Any CPU
		{7CC82C61-8929-43D5-B9DD-A85FE5D6A0C2}.Debug|Any CPU.ActiveCfg = Debug|Any CPU
		{7CC82C61-8929-43D5-B9DD-A85FE5D6A0C2}.Debug|Any CPU.Build.0 = Debug|Any CPU
		{7CC82C61-8929-43D5-B9DD-A85FE5D6A0C2}.Release|Any CPU.ActiveCfg = Release|Any CPU
		{7CC82C61-8929-43D5-B9DD-A85FE5D6A0C2}.Release|Any CPU.Build.0 = Release|Any CPU
		{77E5182C-7BF8-4818-BE93-84688E5FC7AA}.Debug|Any CPU.ActiveCfg = Debug|Any CPU
		{77E5182C-7BF8-4818-BE93-84688E5FC7AA}.Debug|Any CPU.Build.0 = Debug|Any CPU
		{77E5182C-7BF8-4818-BE93-84688E5FC7AA}.Release|Any CPU.ActiveCfg = Release|Any CPU
		{77E5182C-7BF8-4818-BE93-84688E5FC7AA}.Release|Any CPU.Build.0 = Release|Any CPU
		{D04D56E8-6986-41D9-BA2E-3E7CF48F77E1}.Debug|Any CPU.ActiveCfg = Debug|Any CPU
		{D04D56E8-6986-41D9-BA2E-3E7CF48F77E1}.Debug|Any CPU.Build.0 = Debug|Any CPU
		{D04D56E8-6986-41D9-BA2E-3E7CF48F77E1}.Release|Any CPU.ActiveCfg = Release|Any CPU
		{D04D56E8-6986-41D9-BA2E-3E7CF48F77E1}.Release|Any CPU.Build.0 = Release|Any CPU
		{E1D55933-98FC-49D0-BA91-1D9D3AE9D6A1}.Debug|Any CPU.ActiveCfg = Debug|Any CPU
		{E1D55933-98FC-49D0-BA91-1D9D3AE9D6A1}.Debug|Any CPU.Build.0 = Debug|Any CPU
		{E1D55933-98FC-49D0-BA91-1D9D3AE9D6A1}.Release|Any CPU.ActiveCfg = Release|Any CPU
		{E1D55933-98FC-49D0-BA91-1D9D3AE9D6A1}.Release|Any CPU.Build.0 = Release|Any CPU
		{926233CB-683E-40CA-AD95-77A01948A759}.Debug|Any CPU.ActiveCfg = Debug|Any CPU
		{926233CB-683E-40CA-AD95-77A01948A759}.Debug|Any CPU.Build.0 = Debug|Any CPU
		{926233CB-683E-40CA-AD95-77A01948A759}.Release|Any CPU.ActiveCfg = Release|Any CPU
		{926233CB-683E-40CA-AD95-77A01948A759}.Release|Any CPU.Build.0 = Release|Any CPU
		{FE7BE657-2C6F-4CA6-88D6-A4DFECD92F8D}.Debug|Any CPU.ActiveCfg = Debug|Any CPU
		{FE7BE657-2C6F-4CA6-88D6-A4DFECD92F8D}.Debug|Any CPU.Build.0 = Debug|Any CPU
		{FE7BE657-2C6F-4CA6-88D6-A4DFECD92F8D}.Release|Any CPU.ActiveCfg = Release|Any CPU
		{FE7BE657-2C6F-4CA6-88D6-A4DFECD92F8D}.Release|Any CPU.Build.0 = Release|Any CPU
		{C05549EF-F32D-4FFA-B8CC-AE15EB69C9CC}.Debug|Any CPU.ActiveCfg = Debug|Any CPU
		{C05549EF-F32D-4FFA-B8CC-AE15EB69C9CC}.Debug|Any CPU.Build.0 = Debug|Any CPU
		{C05549EF-F32D-4FFA-B8CC-AE15EB69C9CC}.Release|Any CPU.ActiveCfg = Release|Any CPU
		{C05549EF-F32D-4FFA-B8CC-AE15EB69C9CC}.Release|Any CPU.Build.0 = Release|Any CPU
		{5734A0C8-C312-4DEB-9FBF-2D46BC1DE8AD}.Debug|Any CPU.ActiveCfg = Debug|Any CPU
		{5734A0C8-C312-4DEB-9FBF-2D46BC1DE8AD}.Debug|Any CPU.Build.0 = Debug|Any CPU
		{5734A0C8-C312-4DEB-9FBF-2D46BC1DE8AD}.Release|Any CPU.ActiveCfg = Release|Any CPU
		{5734A0C8-C312-4DEB-9FBF-2D46BC1DE8AD}.Release|Any CPU.Build.0 = Release|Any CPU
		{189B9095-2120-4C94-BF04-DCAA25C11A90}.Debug|Any CPU.ActiveCfg = Debug|Any CPU
		{189B9095-2120-4C94-BF04-DCAA25C11A90}.Debug|Any CPU.Build.0 = Debug|Any CPU
		{189B9095-2120-4C94-BF04-DCAA25C11A90}.Release|Any CPU.ActiveCfg = Release|Any CPU
		{189B9095-2120-4C94-BF04-DCAA25C11A90}.Release|Any CPU.Build.0 = Release|Any CPU
		{0AD84C2D-311E-4A8C-8108-4B1BD4BDBE3F}.Debug|Any CPU.ActiveCfg = Debug|Any CPU
		{0AD84C2D-311E-4A8C-8108-4B1BD4BDBE3F}.Debug|Any CPU.Build.0 = Debug|Any CPU
		{0AD84C2D-311E-4A8C-8108-4B1BD4BDBE3F}.Release|Any CPU.ActiveCfg = Release|Any CPU
		{0AD84C2D-311E-4A8C-8108-4B1BD4BDBE3F}.Release|Any CPU.Build.0 = Release|Any CPU
		{FD45FFBE-2DBE-4641-9D31-BE8F94EC04E3}.Debug|Any CPU.ActiveCfg = Debug|Any CPU
		{FD45FFBE-2DBE-4641-9D31-BE8F94EC04E3}.Debug|Any CPU.Build.0 = Debug|Any CPU
		{FD45FFBE-2DBE-4641-9D31-BE8F94EC04E3}.Release|Any CPU.ActiveCfg = Release|Any CPU
		{FD45FFBE-2DBE-4641-9D31-BE8F94EC04E3}.Release|Any CPU.Build.0 = Release|Any CPU
	EndGlobalSection
	GlobalSection(SolutionProperties) = preSolution
		HideSolutionNode = FALSE
	EndGlobalSection
EndGlobal
