// !$*UTF8*$!
{
	archiveVersion = 1;
	classes = {
	};
	objectVersion = 46;
	objects = {

/* Begin PBXBuildFile section */
		780634591E798F9700F1EFCA /* FacialExpression.swift in Sources */ = {isa = PBXBuildFile; fileRef = 780634581E798F9700F1EFCA /* FacialExpression.swift */; };
		788C05111E783ACE009680F4 /* AppDelegate.swift in Sources */ = {isa = PBXBuildFile; fileRef = 788C05101E783ACE009680F4 /* AppDelegate.swift */; };
		788C05131E783ACE009680F4 /* FaceViewController.swift in Sources */ = {isa = PBXBuildFile; fileRef = 788C05121E783ACE009680F4 /* FaceViewController.swift */; };
		788C05161E783ACE009680F4 /* Main.storyboard in Resources */ = {isa = PBXBuildFile; fileRef = 788C05141E783ACE009680F4 /* Main.storyboard */; };
		788C05181E783ACE009680F4 /* Assets.xcassets in Resources */ = {isa = PBXBuildFile; fileRef = 788C05171E783ACE009680F4 /* Assets.xcassets */; };
		788C051B1E783ACE009680F4 /* LaunchScreen.storyboard in Resources */ = {isa = PBXBuildFile; fileRef = 788C05191E783ACE009680F4 /* LaunchScreen.storyboard */; };
		788C05241E7868CC009680F4 /* FaceView.swift in Sources */ = {isa = PBXBuildFile; fileRef = 788C05231E7868CC009680F4 /* FaceView.swift */; };
		78BA97881E7A84C60053C240 /* EmotionsViewController.swift in Sources */ = {isa = PBXBuildFile; fileRef = 78BA97871E7A84C60053C240 /* EmotionsViewController.swift */; };
/* End PBXBuildFile section */

/* Begin PBXFileReference section */
		780634581E798F9700F1EFCA /* FacialExpression.swift */ = {isa = PBXFileReference; fileEncoding = 4; lastKnownFileType = sourcecode.swift; path = FacialExpression.swift; sourceTree = "<group>"; };
		788C050D1E783ACE009680F4 /* FaceIt.app */ = {isa = PBXFileReference; explicitFileType = wrapper.application; includeInIndex = 0; path = FaceIt.app; sourceTree = BUILT_PRODUCTS_DIR; };
		788C05101E783ACE009680F4 /* AppDelegate.swift */ = {isa = PBXFileReference; lastKnownFileType = sourcecode.swift; path = AppDelegate.swift; sourceTree = "<group>"; };
		788C05121E783ACE009680F4 /* FaceViewController.swift */ = {isa = PBXFileReference; lastKnownFileType = sourcecode.swift; path = FaceViewController.swift; sourceTree = "<group>"; };
		788C05151E783ACE009680F4 /* Base */ = {isa = PBXFileReference; lastKnownFileType = file.storyboard; name = Base; path = Base.lproj/Main.storyboard; sourceTree = "<group>"; };
		788C05171E783ACE009680F4 /* Assets.xcassets */ = {isa = PBXFileReference; lastKnownFileType = folder.assetcatalog; path = Assets.xcassets; sourceTree = "<group>"; };
		788C051A1E783ACE009680F4 /* Base */ = {isa = PBXFileReference; lastKnownFileType = file.storyboard; name = Base; path = Base.lproj/LaunchScreen.storyboard; sourceTree = "<group>"; };
		788C051C1E783ACE009680F4 /* Info.plist */ = {isa = PBXFileReference; lastKnownFileType = text.plist.xml; path = Info.plist; sourceTree = "<group>"; };
		788C05231E7868CC009680F4 /* FaceView.swift */ = {isa = PBXFileReference; fileEncoding = 4; lastKnownFileType = sourcecode.swift; path = FaceView.swift; sourceTree = "<group>"; };
		78BA97871E7A84C60053C240 /* EmotionsViewController.swift */ = {isa = PBXFileReference; fileEncoding = 4; lastKnownFileType = sourcecode.swift; path = EmotionsViewController.swift; sourceTree = "<group>"; };
/* End PBXFileReference section */

/* Begin PBXFrameworksBuildPhase section */
		788C050A1E783ACE009680F4 /* Frameworks */ = {
			isa = PBXFrameworksBuildPhase;
			buildActionMask = 2147483647;
			files = (
			);
			runOnlyForDeploymentPostprocessing = 0;
		};
/* End PBXFrameworksBuildPhase section */

/* Begin PBXGroup section */
		788C05041E783ACE009680F4 = {
			isa = PBXGroup;
			children = (
				788C050F1E783ACE009680F4 /* FaceIt */,
				788C050E1E783ACE009680F4 /* Products */,
			);
			sourceTree = "<group>";
		};
		788C050E1E783ACE009680F4 /* Products */ = {
			isa = PBXGroup;
			children = (
				788C050D1E783ACE009680F4 /* FaceIt.app */,
			);
			name = Products;
			sourceTree = "<group>";
		};
		788C050F1E783ACE009680F4 /* FaceIt */ = {
			isa = PBXGroup;
			children = (
				788C05121E783ACE009680F4 /* FaceViewController.swift */,
				788C05231E7868CC009680F4 /* FaceView.swift */,
				788C05141E783ACE009680F4 /* Main.storyboard */,
				78BA97871E7A84C60053C240 /* EmotionsViewController.swift */,
				780634581E798F9700F1EFCA /* FacialExpression.swift */,
				788C05221E783B2F009680F4 /* Supporting Files */,
			);
			path = FaceIt;
			sourceTree = "<group>";
		};
		788C05221E783B2F009680F4 /* Supporting Files */ = {
			isa = PBXGroup;
			children = (
				788C05101E783ACE009680F4 /* AppDelegate.swift */,
				788C05171E783ACE009680F4 /* Assets.xcassets */,
				788C05191E783ACE009680F4 /* LaunchScreen.storyboard */,
				788C051C1E783ACE009680F4 /* Info.plist */,
			);
			name = "Supporting Files";
			sourceTree = "<group>";
		};
/* End PBXGroup section */

/* Begin PBXNativeTarget section */
		788C050C1E783ACE009680F4 /* FaceIt */ = {
			isa = PBXNativeTarget;
			buildConfigurationList = 788C051F1E783ACE009680F4 /* Build configuration list for PBXNativeTarget "FaceIt" */;
			buildPhases = (
				788C05091E783ACE009680F4 /* Sources */,
				788C050A1E783ACE009680F4 /* Frameworks */,
				788C050B1E783ACE009680F4 /* Resources */,
			);
			buildRules = (
			);
			dependencies = (
			);
			name = FaceIt;
			productName = FaceIt;
			productReference = 788C050D1E783ACE009680F4 /* FaceIt.app */;
			productType = "com.apple.product-type.application";
		};
/* End PBXNativeTarget section */

/* Begin PBXProject section */
		788C05051E783ACE009680F4 /* Project object */ = {
			isa = PBXProject;
			attributes = {
				LastSwiftUpdateCheck = 0820;
				LastUpgradeCheck = 0820;
				ORGANIZATIONNAME = "Nikolay Prodanow";
				TargetAttributes = {
					788C050C1E783ACE009680F4 = {
						CreatedOnToolsVersion = 8.2.1;
						DevelopmentTeam = N5G47N4HRW;
						ProvisioningStyle = Automatic;
					};
				};
			};
			buildConfigurationList = 788C05081E783ACE009680F4 /* Build configuration list for PBXProject "FaceIt" */;
			compatibilityVersion = "Xcode 3.2";
			developmentRegion = English;
			hasScannedForEncodings = 0;
			knownRegions = (
				en,
				Base,
			);
			mainGroup = 788C05041E783ACE009680F4;
			productRefGroup = 788C050E1E783ACE009680F4 /* Products */;
			projectDirPath = "";
			projectRoot = "";
			targets = (
				788C050C1E783ACE009680F4 /* FaceIt */,
			);
		};
/* End PBXProject section */

/* Begin PBXResourcesBuildPhase section */
		788C050B1E783ACE009680F4 /* Resources */ = {
			isa = PBXResourcesBuildPhase;
			buildActionMask = 2147483647;
			files = (
				788C051B1E783ACE009680F4 /* LaunchScreen.storyboard in Resources */,
				788C05181E783ACE009680F4 /* Assets.xcassets in Resources */,
				788C05161E783ACE009680F4 /* Main.storyboard in Resources */,
			);
			runOnlyForDeploymentPostprocessing = 0;
		};
/* End PBXResourcesBuildPhase section */

/* Begin PBXSourcesBuildPhase section */
		788C05091E783ACE009680F4 /* Sources */ = {
			isa = PBXSourcesBuildPhase;
			buildActionMask = 2147483647;
			files = (
				788C05131E783ACE009680F4 /* FaceViewController.swift in Sources */,
				780634591E798F9700F1EFCA /* FacialExpression.swift in Sources */,
				78BA97881E7A84C60053C240 /* EmotionsViewController.swift in Sources */,
				788C05111E783ACE009680F4 /* AppDelegate.swift in Sources */,
				788C05241E7868CC009680F4 /* FaceView.swift in Sources */,
			);
			runOnlyForDeploymentPostprocessing = 0;
		};
/* End PBXSourcesBuildPhase section */

/* Begin PBXVariantGroup section */
		788C05141E783ACE009680F4 /* Main.storyboard */ = {
			isa = PBXVariantGroup;
			children = (
				788C05151E783ACE009680F4 /* Base */,
			);
			name = Main.storyboard;
			sourceTree = "<group>";
		};
		788C05191E783ACE009680F4 /* LaunchScreen.storyboard */ = {
			isa = PBXVariantGroup;
			children = (
				788C051A1E783ACE009680F4 /* Base */,
			);
			name = LaunchScreen.storyboard;
			sourceTree = "<group>";
		};
/* End PBXVariantGroup section */

/* Begin XCBuildConfiguration section */
		788C051D1E783ACE009680F4 /* Debug */ = {
			isa = XCBuildConfiguration;
			buildSettings = {
				ALWAYS_SEARCH_USER_PATHS = NO;
				CLANG_ANALYZER_NONNULL = YES;
				CLANG_CXX_LANGUAGE_STANDARD = "gnu++0x";
				CLANG_CXX_LIBRARY = "libc++";
				CLANG_ENABLE_MODULES = YES;
				CLANG_ENABLE_OBJC_ARC = YES;
				CLANG_WARN_BOOL_CONVERSION = YES;
				CLANG_WARN_CONSTANT_CONVERSION = YES;
				CLANG_WARN_DIRECT_OBJC_ISA_USAGE = YES_ERROR;
				CLANG_WARN_DOCUMENTATION_COMMENTS = YES;
				CLANG_WARN_EMPTY_BODY = YES;
				CLANG_WARN_ENUM_CONVERSION = YES;
				CLANG_WARN_INFINITE_RECURSION = YES;
				CLANG_WARN_INT_CONVERSION = YES;
				CLANG_WARN_OBJC_ROOT_CLASS = YES_ERROR;
				CLANG_WARN_SUSPICIOUS_MOVE = YES;
				CLANG_WARN_UNREACHABLE_CODE = YES;
				CLANG_WARN__DUPLICATE_METHOD_MATCH = YES;
				"CODE_SIGN_IDENTITY[sdk=iphoneos*]" = "iPhone Developer";
				COPY_PHASE_STRIP = NO;
				DEBUG_INFORMATION_FORMAT = dwarf;
				ENABLE_STRICT_OBJC_MSGSEND = YES;
				ENABLE_TESTABILITY = YES;
				GCC_C_LANGUAGE_STANDARD = gnu99;
				GCC_DYNAMIC_NO_PIC = NO;
				GCC_NO_COMMON_BLOCKS = YES;
				GCC_OPTIMIZATION_LEVEL = 0;
				GCC_PREPROCESSOR_DEFINITIONS = (
					"DEBUG=1",
					"$(inherited)",
				);
				GCC_WARN_64_TO_32_BIT_CONVERSION = YES;
				GCC_WARN_ABOUT_RETURN_TYPE = YES_ERROR;
				GCC_WARN_UNDECLARED_SELECTOR = YES;
				GCC_WARN_UNINITIALIZED_AUTOS = YES_AGGRESSIVE;
				GCC_WARN_UNUSED_FUNCTION = YES;
				GCC_WARN_UNUSED_VARIABLE = YES;
				IPHONEOS_DEPLOYMENT_TARGET = 10.2;
				MTL_ENABLE_DEBUG_INFO = YES;
				ONLY_ACTIVE_ARCH = YES;
				SDKROOT = iphoneos;
				SWIFT_ACTIVE_COMPILATION_CONDITIONS = DEBUG;
				SWIFT_OPTIMIZATION_LEVEL = "-Onone";
				TARGETED_DEVICE_FAMILY = "1,2";
			};
			name = Debug;
		};
		788C051E1E783ACE009680F4 /* Release */ = {
			isa = XCBuildConfiguration;
			buildSettings = {
				ALWAYS_SEARCH_USER_PATHS = NO;
				CLANG_ANALYZER_NONNULL = YES;
				CLANG_CXX_LANGUAGE_STANDARD = "gnu++0x";
				CLANG_CXX_LIBRARY = "libc++";
				CLANG_ENABLE_MODULES = YES;
				CLANG_ENABLE_OBJC_ARC = YES;
				CLANG_WARN_BOOL_CONVERSION = YES;
				CLANG_WARN_CONSTANT_CONVERSION = YES;
				CLANG_WARN_DIRECT_OBJC_ISA_USAGE = YES_ERROR;
				CLANG_WARN_DOCUMENTATION_COMMENTS = YES;
				CLANG_WARN_EMPTY_BODY = YES;
				CLANG_WARN_ENUM_CONVERSION = YES;
				CLANG_WARN_INFINITE_RECURSION = YES;
				CLANG_WARN_INT_CONVERSION = YES;
				CLANG_WARN_OBJC_ROOT_CLASS = YES_ERROR;
				CLANG_WARN_SUSPICIOUS_MOVE = YES;
				CLANG_WARN_UNREACHABLE_CODE = YES;
				CLANG_WARN__DUPLICATE_METHOD_MATCH = YES;
				"CODE_SIGN_IDENTITY[sdk=iphoneos*]" = "iPhone Developer";
				COPY_PHASE_STRIP = NO;
				DEBUG_INFORMATION_FORMAT = "dwarf-with-dsym";
				ENABLE_NS_ASSERTIONS = NO;
				ENABLE_STRICT_OBJC_MSGSEND = YES;
				GCC_C_LANGUAGE_STANDARD = gnu99;
				GCC_NO_COMMON_BLOCKS = YES;
				GCC_WARN_64_TO_32_BIT_CONVERSION = YES;
				GCC_WARN_ABOUT_RETURN_TYPE = YES_ERROR;
				GCC_WARN_UNDECLARED_SELECTOR = YES;
				GCC_WARN_UNINITIALIZED_AUTOS = YES_AGGRESSIVE;
				GCC_WARN_UNUSED_FUNCTION = YES;
				GCC_WARN_UNUSED_VARIABLE = YES;
				IPHONEOS_DEPLOYMENT_TARGET = 10.2;
				MTL_ENABLE_DEBUG_INFO = NO;
				SDKROOT = iphoneos;
				SWIFT_OPTIMIZATION_LEVEL = "-Owholemodule";
				TARGETED_DEVICE_FAMILY = "1,2";
				VALIDATE_PRODUCT = YES;
			};
			name = Release;
		};
		788C05201E783ACE009680F4 /* Debug */ = {
			isa = XCBuildConfiguration;
			buildSettings = {
				ASSETCATALOG_COMPILER_APPICON_NAME = AppIcon;
				DEVELOPMENT_TEAM = N5G47N4HRW;
				INFOPLIST_FILE = FaceIt/Info.plist;
				LD_RUNPATH_SEARCH_PATHS = "$(inherited) @executable_path/Frameworks";
				PRODUCT_BUNDLE_IDENTIFIER = NP.FaceIt;
				PRODUCT_NAME = "$(TARGET_NAME)";
				SWIFT_VERSION = 3.0;
			};
			name = Debug;
		};
		788C05211E783ACE009680F4 /* Release */ = {
			isa = XCBuildConfiguration;
			buildSettings = {
				ASSETCATALOG_COMPILER_APPICON_NAME = AppIcon;
				DEVELOPMENT_TEAM = N5G47N4HRW;
				INFOPLIST_FILE = FaceIt/Info.plist;
				LD_RUNPATH_SEARCH_PATHS = "$(inherited) @executable_path/Frameworks";
				PRODUCT_BUNDLE_IDENTIFIER = NP.FaceIt;
				PRODUCT_NAME = "$(TARGET_NAME)";
				SWIFT_VERSION = 3.0;
			};
			name = Release;
		};
/* End XCBuildConfiguration section */

/* Begin XCConfigurationList section */
		788C05081E783ACE009680F4 /* Build configuration list for PBXProject "FaceIt" */ = {
			isa = XCConfigurationList;
			buildConfigurations = (
				788C051D1E783ACE009680F4 /* Debug */,
				788C051E1E783ACE009680F4 /* Release */,
			);
			defaultConfigurationIsVisible = 0;
			defaultConfigurationName = Release;
		};
		788C051F1E783ACE009680F4 /* Build configuration list for PBXNativeTarget "FaceIt" */ = {
			isa = XCConfigurationList;
			buildConfigurations = (
				788C05201E783ACE009680F4 /* Debug */,
				788C05211E783ACE009680F4 /* Release */,
			);
			defaultConfigurationIsVisible = 0;
			defaultConfigurationName = Release;
		};
/* End XCConfigurationList section */
	};
	rootObject = 788C05051E783ACE009680F4 /* Project object */;
}
