
Microsoft Visual Studio Solution File, Format Version 12.00
# Visual Studio 14
VisualStudioVersion = 14.0.25420.1
MinimumVisualStudioVersion = 10.0.40219.1
Project("{FAE04EC0-301F-11D3-BF4B-00C04F79EFBC}") = "SchoolSystem.Models", "SchoolSystem.Models\SchoolSystem.Models.csproj", "{31E45523-20E1-40E3-B30B-A32BCC58501F}"
EndProject
Project("{FAE04EC0-301F-11D3-BF4B-00C04F79EFBC}") = "SchoolSystem.Data", "SchoolSystem.Data\SchoolSystem.Data.csproj", "{0B39C089-27A9-419C-B3CA-51B8C0998E4C}"
EndProject
Project("{FAE04EC0-301F-11D3-BF4B-00C04F79EFBC}") = "SchoolSystem.ConsoleClient", "SchoolSystem.ConsoleClient\SchoolSystem.ConsoleClient.csproj", "{36587512-6091-4185-A5FE-2AAED2D19443}"
EndProject
Global
	GlobalSection(SolutionConfigurationPlatforms) = preSolution
		Debug|Any CPU = Debug|Any CPU
		Release|Any CPU = Release|Any CPU
	EndGlobalSection
	GlobalSection(ProjectConfigurationPlatforms) = postSolution
		{31E45523-20E1-40E3-B30B-A32BCC58501F}.Debug|Any CPU.ActiveCfg = Debug|Any CPU
		{31E45523-20E1-40E3-B30B-A32BCC58501F}.Debug|Any CPU.Build.0 = Debug|Any CPU
		{31E45523-20E1-40E3-B30B-A32BCC58501F}.Release|Any CPU.ActiveCfg = Release|Any CPU
		{31E45523-20E1-40E3-B30B-A32BCC58501F}.Release|Any CPU.Build.0 = Release|Any CPU
		{0B39C089-27A9-419C-B3CA-51B8C0998E4C}.Debug|Any CPU.ActiveCfg = Debug|Any CPU
		{0B39C089-27A9-419C-B3CA-51B8C0998E4C}.Debug|Any CPU.Build.0 = Debug|Any CPU
		{0B39C089-27A9-419C-B3CA-51B8C0998E4C}.Release|Any CPU.ActiveCfg = Release|Any CPU
		{0B39C089-27A9-419C-B3CA-51B8C0998E4C}.Release|Any CPU.Build.0 = Release|Any CPU
		{36587512-6091-4185-A5FE-2AAED2D19443}.Debug|Any CPU.ActiveCfg = Debug|Any CPU
		{36587512-6091-4185-A5FE-2AAED2D19443}.Debug|Any CPU.Build.0 = Debug|Any CPU
		{36587512-6091-4185-A5FE-2AAED2D19443}.Release|Any CPU.ActiveCfg = Release|Any CPU
		{36587512-6091-4185-A5FE-2AAED2D19443}.Release|Any CPU.Build.0 = Release|Any CPU
	EndGlobalSection
	GlobalSection(SolutionProperties) = preSolution
		HideSolutionNode = FALSE
	EndGlobalSection
EndGlobal
