
Microsoft Visual Studio Solution File, Format Version 12.00
# Visual Studio 2013
VisualStudioVersion = 12.0.31101.0
MinimumVisualStudioVersion = 10.0.40219.1
Project("{FAE04EC0-301F-11D3-BF4B-00C04F79EFBC}") = "01.DeclareVariables", "DeclareVariables\01.DeclareVariables.csproj", "{A667D7E0-83EE-43D5-879A-28C62F936505}"
EndProject
Project("{FAE04EC0-301F-11D3-BF4B-00C04F79EFBC}") = "02FloatOrDouble", "FloatOrDouble\02FloatOrDouble.csproj", "{A78E06DE-18BC-471A-BE69-27A7C94C2109}"
EndProject
Project("{FAE04EC0-301F-11D3-BF4B-00C04F79EFBC}") = "03VariableInHexa", "VariableInHexa\03VariableInHexa.csproj", "{529C127F-EEAE-4F18-9DEC-42BAF4D2EF5C}"
EndProject
Project("{FAE04EC0-301F-11D3-BF4B-00C04F79EFBC}") = "04UnicodeChar", "UnicodeChar\04UnicodeChar.csproj", "{765A15D1-FF01-4DD5-846A-2DFBC8CB08CD}"
EndProject
Project("{FAE04EC0-301F-11D3-BF4B-00C04F79EFBC}") = "05BooleanVariable", "BooleanVariable\05BooleanVariable.csproj", "{A633A233-8A3A-480F-8A7F-FFC0B02465B5}"
EndProject
Project("{FAE04EC0-301F-11D3-BF4B-00C04F79EFBC}") = "06StringAndObjects", "StringAndObjects\06StringAndObjects.csproj", "{246DF32B-80B6-4633-8C51-468E35FB9088}"
EndProject
Project("{FAE04EC0-301F-11D3-BF4B-00C04F79EFBC}") = "07QuotesInString", "QuotesInString\07QuotesInString.csproj", "{E290D42B-A054-4903-98E1-E79D2940DB86}"
EndProject
Project("{FAE04EC0-301F-11D3-BF4B-00C04F79EFBC}") = "08IsoscelesTriangle", "IsoscelesTriangle\08IsoscelesTriangle.csproj", "{9C44463B-870F-4E40-A79C-7C4C339540CB}"
EndProject
Project("{FAE04EC0-301F-11D3-BF4B-00C04F79EFBC}") = "09ExchangeVariableValues", "ExchangeVariableValues\09ExchangeVariableValues.csproj", "{6DB95AE5-7414-423F-92C0-ECC181F52504}"
EndProject
Project("{FAE04EC0-301F-11D3-BF4B-00C04F79EFBC}") = "10EmplyeeData", "EmplyeeData\10EmplyeeData.csproj", "{9362166A-F3BB-457A-9278-68ED2BF9F660}"
EndProject
Project("{FAE04EC0-301F-11D3-BF4B-00C04F79EFBC}") = "11BankAccData", "BankAccData\11BankAccData.csproj", "{A8BD28D4-C8D4-4D52-8F62-1B525584D009}"
EndProject
Project("{FAE04EC0-301F-11D3-BF4B-00C04F79EFBC}") = "12NullValues", "NullValues\12NullValues.csproj", "{0A36CFCF-B1DB-441D-887A-792511A073C8}"
EndProject
Project("{FAE04EC0-301F-11D3-BF4B-00C04F79EFBC}") = "13ComparingFloats", "ComparingFloats\13ComparingFloats.csproj", "{76574D9E-4B65-4720-A52C-2E69D1F7BB67}"
EndProject
Project("{FAE04EC0-301F-11D3-BF4B-00C04F79EFBC}") = "14PrintAsci", "PrintAsci\14PrintAsci.csproj", "{B63D3E63-2DFC-4A56-BD5B-C9E5DEEF3DF7}"
EndProject
Global
	GlobalSection(SolutionConfigurationPlatforms) = preSolution
		Debug|Any CPU = Debug|Any CPU
		Debug|ARM = Debug|ARM
		Debug|x64 = Debug|x64
		Debug|x86 = Debug|x86
		Release|Any CPU = Release|Any CPU
		Release|ARM = Release|ARM
		Release|x64 = Release|x64
		Release|x86 = Release|x86
	EndGlobalSection
	GlobalSection(ProjectConfigurationPlatforms) = postSolution
		{A667D7E0-83EE-43D5-879A-28C62F936505}.Debug|Any CPU.ActiveCfg = Debug|Any CPU
		{A667D7E0-83EE-43D5-879A-28C62F936505}.Debug|Any CPU.Build.0 = Debug|Any CPU
		{A667D7E0-83EE-43D5-879A-28C62F936505}.Debug|ARM.ActiveCfg = Debug|Any CPU
		{A667D7E0-83EE-43D5-879A-28C62F936505}.Debug|x64.ActiveCfg = Debug|Any CPU
		{A667D7E0-83EE-43D5-879A-28C62F936505}.Debug|x86.ActiveCfg = Debug|Any CPU
		{A667D7E0-83EE-43D5-879A-28C62F936505}.Release|Any CPU.ActiveCfg = Release|Any CPU
		{A667D7E0-83EE-43D5-879A-28C62F936505}.Release|Any CPU.Build.0 = Release|Any CPU
		{A667D7E0-83EE-43D5-879A-28C62F936505}.Release|ARM.ActiveCfg = Release|Any CPU
		{A667D7E0-83EE-43D5-879A-28C62F936505}.Release|x64.ActiveCfg = Release|Any CPU
		{A667D7E0-83EE-43D5-879A-28C62F936505}.Release|x86.ActiveCfg = Release|Any CPU
		{A78E06DE-18BC-471A-BE69-27A7C94C2109}.Debug|Any CPU.ActiveCfg = Debug|Any CPU
		{A78E06DE-18BC-471A-BE69-27A7C94C2109}.Debug|Any CPU.Build.0 = Debug|Any CPU
		{A78E06DE-18BC-471A-BE69-27A7C94C2109}.Debug|ARM.ActiveCfg = Debug|Any CPU
		{A78E06DE-18BC-471A-BE69-27A7C94C2109}.Debug|x64.ActiveCfg = Debug|Any CPU
		{A78E06DE-18BC-471A-BE69-27A7C94C2109}.Debug|x86.ActiveCfg = Debug|Any CPU
		{A78E06DE-18BC-471A-BE69-27A7C94C2109}.Release|Any CPU.ActiveCfg = Release|Any CPU
		{A78E06DE-18BC-471A-BE69-27A7C94C2109}.Release|Any CPU.Build.0 = Release|Any CPU
		{A78E06DE-18BC-471A-BE69-27A7C94C2109}.Release|ARM.ActiveCfg = Release|Any CPU
		{A78E06DE-18BC-471A-BE69-27A7C94C2109}.Release|x64.ActiveCfg = Release|Any CPU
		{A78E06DE-18BC-471A-BE69-27A7C94C2109}.Release|x86.ActiveCfg = Release|Any CPU
		{529C127F-EEAE-4F18-9DEC-42BAF4D2EF5C}.Debug|Any CPU.ActiveCfg = Debug|Any CPU
		{529C127F-EEAE-4F18-9DEC-42BAF4D2EF5C}.Debug|Any CPU.Build.0 = Debug|Any CPU
		{529C127F-EEAE-4F18-9DEC-42BAF4D2EF5C}.Debug|ARM.ActiveCfg = Debug|Any CPU
		{529C127F-EEAE-4F18-9DEC-42BAF4D2EF5C}.Debug|x64.ActiveCfg = Debug|Any CPU
		{529C127F-EEAE-4F18-9DEC-42BAF4D2EF5C}.Debug|x86.ActiveCfg = Debug|Any CPU
		{529C127F-EEAE-4F18-9DEC-42BAF4D2EF5C}.Release|Any CPU.ActiveCfg = Release|Any CPU
		{529C127F-EEAE-4F18-9DEC-42BAF4D2EF5C}.Release|Any CPU.Build.0 = Release|Any CPU
		{529C127F-EEAE-4F18-9DEC-42BAF4D2EF5C}.Release|ARM.ActiveCfg = Release|Any CPU
		{529C127F-EEAE-4F18-9DEC-42BAF4D2EF5C}.Release|x64.ActiveCfg = Release|Any CPU
		{529C127F-EEAE-4F18-9DEC-42BAF4D2EF5C}.Release|x86.ActiveCfg = Release|Any CPU
		{765A15D1-FF01-4DD5-846A-2DFBC8CB08CD}.Debug|Any CPU.ActiveCfg = Debug|Any CPU
		{765A15D1-FF01-4DD5-846A-2DFBC8CB08CD}.Debug|Any CPU.Build.0 = Debug|Any CPU
		{765A15D1-FF01-4DD5-846A-2DFBC8CB08CD}.Debug|ARM.ActiveCfg = Debug|Any CPU
		{765A15D1-FF01-4DD5-846A-2DFBC8CB08CD}.Debug|x64.ActiveCfg = Debug|Any CPU
		{765A15D1-FF01-4DD5-846A-2DFBC8CB08CD}.Debug|x86.ActiveCfg = Debug|Any CPU
		{765A15D1-FF01-4DD5-846A-2DFBC8CB08CD}.Release|Any CPU.ActiveCfg = Release|Any CPU
		{765A15D1-FF01-4DD5-846A-2DFBC8CB08CD}.Release|Any CPU.Build.0 = Release|Any CPU
		{765A15D1-FF01-4DD5-846A-2DFBC8CB08CD}.Release|ARM.ActiveCfg = Release|Any CPU
		{765A15D1-FF01-4DD5-846A-2DFBC8CB08CD}.Release|x64.ActiveCfg = Release|Any CPU
		{765A15D1-FF01-4DD5-846A-2DFBC8CB08CD}.Release|x86.ActiveCfg = Release|Any CPU
		{A633A233-8A3A-480F-8A7F-FFC0B02465B5}.Debug|Any CPU.ActiveCfg = Debug|Any CPU
		{A633A233-8A3A-480F-8A7F-FFC0B02465B5}.Debug|Any CPU.Build.0 = Debug|Any CPU
		{A633A233-8A3A-480F-8A7F-FFC0B02465B5}.Debug|ARM.ActiveCfg = Debug|Any CPU
		{A633A233-8A3A-480F-8A7F-FFC0B02465B5}.Debug|x64.ActiveCfg = Debug|Any CPU
		{A633A233-8A3A-480F-8A7F-FFC0B02465B5}.Debug|x86.ActiveCfg = Debug|Any CPU
		{A633A233-8A3A-480F-8A7F-FFC0B02465B5}.Release|Any CPU.ActiveCfg = Release|Any CPU
		{A633A233-8A3A-480F-8A7F-FFC0B02465B5}.Release|Any CPU.Build.0 = Release|Any CPU
		{A633A233-8A3A-480F-8A7F-FFC0B02465B5}.Release|ARM.ActiveCfg = Release|Any CPU
		{A633A233-8A3A-480F-8A7F-FFC0B02465B5}.Release|x64.ActiveCfg = Release|Any CPU
		{A633A233-8A3A-480F-8A7F-FFC0B02465B5}.Release|x86.ActiveCfg = Release|Any CPU
		{246DF32B-80B6-4633-8C51-468E35FB9088}.Debug|Any CPU.ActiveCfg = Debug|Any CPU
		{246DF32B-80B6-4633-8C51-468E35FB9088}.Debug|Any CPU.Build.0 = Debug|Any CPU
		{246DF32B-80B6-4633-8C51-468E35FB9088}.Debug|ARM.ActiveCfg = Debug|Any CPU
		{246DF32B-80B6-4633-8C51-468E35FB9088}.Debug|x64.ActiveCfg = Debug|Any CPU
		{246DF32B-80B6-4633-8C51-468E35FB9088}.Debug|x86.ActiveCfg = Debug|Any CPU
		{246DF32B-80B6-4633-8C51-468E35FB9088}.Release|Any CPU.ActiveCfg = Release|Any CPU
		{246DF32B-80B6-4633-8C51-468E35FB9088}.Release|Any CPU.Build.0 = Release|Any CPU
		{246DF32B-80B6-4633-8C51-468E35FB9088}.Release|ARM.ActiveCfg = Release|Any CPU
		{246DF32B-80B6-4633-8C51-468E35FB9088}.Release|x64.ActiveCfg = Release|Any CPU
		{246DF32B-80B6-4633-8C51-468E35FB9088}.Release|x86.ActiveCfg = Release|Any CPU
		{E290D42B-A054-4903-98E1-E79D2940DB86}.Debug|Any CPU.ActiveCfg = Debug|Any CPU
		{E290D42B-A054-4903-98E1-E79D2940DB86}.Debug|Any CPU.Build.0 = Debug|Any CPU
		{E290D42B-A054-4903-98E1-E79D2940DB86}.Debug|ARM.ActiveCfg = Debug|Any CPU
		{E290D42B-A054-4903-98E1-E79D2940DB86}.Debug|x64.ActiveCfg = Debug|Any CPU
		{E290D42B-A054-4903-98E1-E79D2940DB86}.Debug|x86.ActiveCfg = Debug|Any CPU
		{E290D42B-A054-4903-98E1-E79D2940DB86}.Release|Any CPU.ActiveCfg = Release|Any CPU
		{E290D42B-A054-4903-98E1-E79D2940DB86}.Release|Any CPU.Build.0 = Release|Any CPU
		{E290D42B-A054-4903-98E1-E79D2940DB86}.Release|ARM.ActiveCfg = Release|Any CPU
		{E290D42B-A054-4903-98E1-E79D2940DB86}.Release|x64.ActiveCfg = Release|Any CPU
		{E290D42B-A054-4903-98E1-E79D2940DB86}.Release|x86.ActiveCfg = Release|Any CPU
		{9C44463B-870F-4E40-A79C-7C4C339540CB}.Debug|Any CPU.ActiveCfg = Debug|Any CPU
		{9C44463B-870F-4E40-A79C-7C4C339540CB}.Debug|Any CPU.Build.0 = Debug|Any CPU
		{9C44463B-870F-4E40-A79C-7C4C339540CB}.Debug|ARM.ActiveCfg = Debug|Any CPU
		{9C44463B-870F-4E40-A79C-7C4C339540CB}.Debug|x64.ActiveCfg = Debug|Any CPU
		{9C44463B-870F-4E40-A79C-7C4C339540CB}.Debug|x86.ActiveCfg = Debug|Any CPU
		{9C44463B-870F-4E40-A79C-7C4C339540CB}.Release|Any CPU.ActiveCfg = Release|Any CPU
		{9C44463B-870F-4E40-A79C-7C4C339540CB}.Release|Any CPU.Build.0 = Release|Any CPU
		{9C44463B-870F-4E40-A79C-7C4C339540CB}.Release|ARM.ActiveCfg = Release|Any CPU
		{9C44463B-870F-4E40-A79C-7C4C339540CB}.Release|x64.ActiveCfg = Release|Any CPU
		{9C44463B-870F-4E40-A79C-7C4C339540CB}.Release|x86.ActiveCfg = Release|Any CPU
		{6DB95AE5-7414-423F-92C0-ECC181F52504}.Debug|Any CPU.ActiveCfg = Debug|Any CPU
		{6DB95AE5-7414-423F-92C0-ECC181F52504}.Debug|Any CPU.Build.0 = Debug|Any CPU
		{6DB95AE5-7414-423F-92C0-ECC181F52504}.Debug|ARM.ActiveCfg = Debug|Any CPU
		{6DB95AE5-7414-423F-92C0-ECC181F52504}.Debug|x64.ActiveCfg = Debug|Any CPU
		{6DB95AE5-7414-423F-92C0-ECC181F52504}.Debug|x86.ActiveCfg = Debug|Any CPU
		{6DB95AE5-7414-423F-92C0-ECC181F52504}.Release|Any CPU.ActiveCfg = Release|Any CPU
		{6DB95AE5-7414-423F-92C0-ECC181F52504}.Release|Any CPU.Build.0 = Release|Any CPU
		{6DB95AE5-7414-423F-92C0-ECC181F52504}.Release|ARM.ActiveCfg = Release|Any CPU
		{6DB95AE5-7414-423F-92C0-ECC181F52504}.Release|x64.ActiveCfg = Release|Any CPU
		{6DB95AE5-7414-423F-92C0-ECC181F52504}.Release|x86.ActiveCfg = Release|Any CPU
		{9362166A-F3BB-457A-9278-68ED2BF9F660}.Debug|Any CPU.ActiveCfg = Debug|Any CPU
		{9362166A-F3BB-457A-9278-68ED2BF9F660}.Debug|Any CPU.Build.0 = Debug|Any CPU
		{9362166A-F3BB-457A-9278-68ED2BF9F660}.Debug|ARM.ActiveCfg = Debug|Any CPU
		{9362166A-F3BB-457A-9278-68ED2BF9F660}.Debug|x64.ActiveCfg = Debug|Any CPU
		{9362166A-F3BB-457A-9278-68ED2BF9F660}.Debug|x86.ActiveCfg = Debug|Any CPU
		{9362166A-F3BB-457A-9278-68ED2BF9F660}.Release|Any CPU.ActiveCfg = Release|Any CPU
		{9362166A-F3BB-457A-9278-68ED2BF9F660}.Release|Any CPU.Build.0 = Release|Any CPU
		{9362166A-F3BB-457A-9278-68ED2BF9F660}.Release|ARM.ActiveCfg = Release|Any CPU
		{9362166A-F3BB-457A-9278-68ED2BF9F660}.Release|x64.ActiveCfg = Release|Any CPU
		{9362166A-F3BB-457A-9278-68ED2BF9F660}.Release|x86.ActiveCfg = Release|Any CPU
		{A8BD28D4-C8D4-4D52-8F62-1B525584D009}.Debug|Any CPU.ActiveCfg = Debug|Any CPU
		{A8BD28D4-C8D4-4D52-8F62-1B525584D009}.Debug|Any CPU.Build.0 = Debug|Any CPU
		{A8BD28D4-C8D4-4D52-8F62-1B525584D009}.Debug|ARM.ActiveCfg = Debug|Any CPU
		{A8BD28D4-C8D4-4D52-8F62-1B525584D009}.Debug|x64.ActiveCfg = Debug|Any CPU
		{A8BD28D4-C8D4-4D52-8F62-1B525584D009}.Debug|x86.ActiveCfg = Debug|Any CPU
		{A8BD28D4-C8D4-4D52-8F62-1B525584D009}.Release|Any CPU.ActiveCfg = Release|Any CPU
		{A8BD28D4-C8D4-4D52-8F62-1B525584D009}.Release|Any CPU.Build.0 = Release|Any CPU
		{A8BD28D4-C8D4-4D52-8F62-1B525584D009}.Release|ARM.ActiveCfg = Release|Any CPU
		{A8BD28D4-C8D4-4D52-8F62-1B525584D009}.Release|x64.ActiveCfg = Release|Any CPU
		{A8BD28D4-C8D4-4D52-8F62-1B525584D009}.Release|x86.ActiveCfg = Release|Any CPU
		{0A36CFCF-B1DB-441D-887A-792511A073C8}.Debug|Any CPU.ActiveCfg = Debug|Any CPU
		{0A36CFCF-B1DB-441D-887A-792511A073C8}.Debug|Any CPU.Build.0 = Debug|Any CPU
		{0A36CFCF-B1DB-441D-887A-792511A073C8}.Debug|ARM.ActiveCfg = Debug|Any CPU
		{0A36CFCF-B1DB-441D-887A-792511A073C8}.Debug|x64.ActiveCfg = Debug|Any CPU
		{0A36CFCF-B1DB-441D-887A-792511A073C8}.Debug|x86.ActiveCfg = Debug|Any CPU
		{0A36CFCF-B1DB-441D-887A-792511A073C8}.Release|Any CPU.ActiveCfg = Release|Any CPU
		{0A36CFCF-B1DB-441D-887A-792511A073C8}.Release|Any CPU.Build.0 = Release|Any CPU
		{0A36CFCF-B1DB-441D-887A-792511A073C8}.Release|ARM.ActiveCfg = Release|Any CPU
		{0A36CFCF-B1DB-441D-887A-792511A073C8}.Release|x64.ActiveCfg = Release|Any CPU
		{0A36CFCF-B1DB-441D-887A-792511A073C8}.Release|x86.ActiveCfg = Release|Any CPU
		{76574D9E-4B65-4720-A52C-2E69D1F7BB67}.Debug|Any CPU.ActiveCfg = Debug|Any CPU
		{76574D9E-4B65-4720-A52C-2E69D1F7BB67}.Debug|Any CPU.Build.0 = Debug|Any CPU
		{76574D9E-4B65-4720-A52C-2E69D1F7BB67}.Debug|ARM.ActiveCfg = Debug|Any CPU
		{76574D9E-4B65-4720-A52C-2E69D1F7BB67}.Debug|x64.ActiveCfg = Debug|Any CPU
		{76574D9E-4B65-4720-A52C-2E69D1F7BB67}.Debug|x86.ActiveCfg = Debug|Any CPU
		{76574D9E-4B65-4720-A52C-2E69D1F7BB67}.Release|Any CPU.ActiveCfg = Release|Any CPU
		{76574D9E-4B65-4720-A52C-2E69D1F7BB67}.Release|Any CPU.Build.0 = Release|Any CPU
		{76574D9E-4B65-4720-A52C-2E69D1F7BB67}.Release|ARM.ActiveCfg = Release|Any CPU
		{76574D9E-4B65-4720-A52C-2E69D1F7BB67}.Release|x64.ActiveCfg = Release|Any CPU
		{76574D9E-4B65-4720-A52C-2E69D1F7BB67}.Release|x86.ActiveCfg = Release|Any CPU
		{B63D3E63-2DFC-4A56-BD5B-C9E5DEEF3DF7}.Debug|Any CPU.ActiveCfg = Debug|Any CPU
		{B63D3E63-2DFC-4A56-BD5B-C9E5DEEF3DF7}.Debug|Any CPU.Build.0 = Debug|Any CPU
		{B63D3E63-2DFC-4A56-BD5B-C9E5DEEF3DF7}.Debug|ARM.ActiveCfg = Debug|Any CPU
		{B63D3E63-2DFC-4A56-BD5B-C9E5DEEF3DF7}.Debug|x64.ActiveCfg = Debug|Any CPU
		{B63D3E63-2DFC-4A56-BD5B-C9E5DEEF3DF7}.Debug|x86.ActiveCfg = Debug|Any CPU
		{B63D3E63-2DFC-4A56-BD5B-C9E5DEEF3DF7}.Release|Any CPU.ActiveCfg = Release|Any CPU
		{B63D3E63-2DFC-4A56-BD5B-C9E5DEEF3DF7}.Release|Any CPU.Build.0 = Release|Any CPU
		{B63D3E63-2DFC-4A56-BD5B-C9E5DEEF3DF7}.Release|ARM.ActiveCfg = Release|Any CPU
		{B63D3E63-2DFC-4A56-BD5B-C9E5DEEF3DF7}.Release|x64.ActiveCfg = Release|Any CPU
		{B63D3E63-2DFC-4A56-BD5B-C9E5DEEF3DF7}.Release|x86.ActiveCfg = Release|Any CPU
	EndGlobalSection
	GlobalSection(SolutionProperties) = preSolution
		HideSolutionNode = FALSE
	EndGlobalSection
EndGlobal
