
Microsoft Visual Studio Solution File, Format Version 12.00
# Visual Studio 14
VisualStudioVersion = 14.0.25123.0
MinimumVisualStudioVersion = 10.0.40219.1
Project("{FAE04EC0-301F-11D3-BF4B-00C04F79EFBC}") = "CardDeck", "CardDeck\CardDeck.csproj", "{BBB7677C-C87A-4AFF-9627-A4FCB30BF5B6}"
EndProject
Project("{FAE04EC0-301F-11D3-BF4B-00C04F79EFBC}") = "CardDeck.Tests", "CardDeck.Tests\CardDeck.Tests.csproj", "{5ABE0945-9733-40DE-A187-1D2A0BBD574A}"
EndProject
Global
	GlobalSection(SolutionConfigurationPlatforms) = preSolution
		Debug|Any CPU = Debug|Any CPU
		Release|Any CPU = Release|Any CPU
	EndGlobalSection
	GlobalSection(ProjectConfigurationPlatforms) = postSolution
		{BBB7677C-C87A-4AFF-9627-A4FCB30BF5B6}.Debug|Any CPU.ActiveCfg = Debug|Any CPU
		{BBB7677C-C87A-4AFF-9627-A4FCB30BF5B6}.Debug|Any CPU.Build.0 = Debug|Any CPU
		{BBB7677C-C87A-4AFF-9627-A4FCB30BF5B6}.Release|Any CPU.ActiveCfg = Release|Any CPU
		{BBB7677C-C87A-4AFF-9627-A4FCB30BF5B6}.Release|Any CPU.Build.0 = Release|Any CPU
		{5ABE0945-9733-40DE-A187-1D2A0BBD574A}.Debug|Any CPU.ActiveCfg = Debug|Any CPU
		{5ABE0945-9733-40DE-A187-1D2A0BBD574A}.Debug|Any CPU.Build.0 = Debug|Any CPU
		{5ABE0945-9733-40DE-A187-1D2A0BBD574A}.Release|Any CPU.ActiveCfg = Release|Any CPU
		{5ABE0945-9733-40DE-A187-1D2A0BBD574A}.Release|Any CPU.Build.0 = Release|Any CPU
	EndGlobalSection
	GlobalSection(SolutionProperties) = preSolution
		HideSolutionNode = FALSE
	EndGlobalSection
EndGlobal
