
Microsoft Visual Studio Solution File, Format Version 12.00
# Visual Studio 2013
VisualStudioVersion = 12.0.31101.0
MinimumVisualStudioVersion = 10.0.40219.1
Project("{FAE04EC0-301F-11D3-BF4B-00C04F79EFBC}") = "01NumbersFromOneToN", "NumbersFromOneToN\01NumbersFromOneToN.csproj", "{D3AD1F73-B5C4-477D-ACAC-A6DA5EB1C673}"
EndProject
Project("{FAE04EC0-301F-11D3-BF4B-00C04F79EFBC}") = "02NotDivisibleNumbers", "NotDivisibleNumbers\02NotDivisibleNumbers.csproj", "{66B5C48C-314E-44D2-907B-2884405011C3}"
EndProject
Project("{FAE04EC0-301F-11D3-BF4B-00C04F79EFBC}") = "03MMSA", "MMSA\03MMSA.csproj", "{FDCE57EE-C259-4CF9-88D1-6BB50396874D}"
EndProject
Project("{FAE04EC0-301F-11D3-BF4B-00C04F79EFBC}") = "04DeckOfCards", "DeckOfCards\04DeckOfCards.csproj", "{ADB28AD1-76F8-4C6A-B4D9-3C16D993371E}"
EndProject
Project("{FAE04EC0-301F-11D3-BF4B-00C04F79EFBC}") = "05Calculate", "Calculate\05Calculate.csproj", "{DAA2E409-617D-4EDB-B297-F4DFE62A2D7C}"
EndProject
Project("{FAE04EC0-301F-11D3-BF4B-00C04F79EFBC}") = "06CalculateAgain", "CalculateAgain\06CalculateAgain.csproj", "{AB95348F-55E6-41F4-94C5-4FFE2695B7A3}"
EndProject
Project("{FAE04EC0-301F-11D3-BF4B-00C04F79EFBC}") = "07CalculateTheThird", "CalculateTheThird\07CalculateTheThird.csproj", "{A78DBCB0-4EE8-4B11-BCFA-06CD211FB472}"
EndProject
Project("{FAE04EC0-301F-11D3-BF4B-00C04F79EFBC}") = "08CatalanNumbers", "CatalanNumbers\08CatalanNumbers.csproj", "{29AAFE50-45D7-4974-B2FF-BB858B6C8B6F}"
EndProject
Project("{FAE04EC0-301F-11D3-BF4B-00C04F79EFBC}") = "09MatrixOfNumbers", "MatrixOfNumbers\09MatrixOfNumbers.csproj", "{D2BCAFD6-9244-4E5E-BD7E-59BE9B099BFF}"
EndProject
Project("{FAE04EC0-301F-11D3-BF4B-00C04F79EFBC}") = "10OddAndEvenProduct", "OddAndEvenProduct\10OddAndEvenProduct.csproj", "{DC777514-E80C-4515-9927-C69BA1410B8F}"
EndProject
Project("{FAE04EC0-301F-11D3-BF4B-00C04F79EFBC}") = "11BinaryToDecimal", "BinaryToDecimal\11BinaryToDecimal.csproj", "{6CAAC17A-0C7D-471D-A658-6C6CC2484665}"
EndProject
Project("{FAE04EC0-301F-11D3-BF4B-00C04F79EFBC}") = "12DecimalToBinary", "DecimalToBinary\12DecimalToBinary.csproj", "{C4BDAFD5-5433-403E-A279-C3849EA9FE26}"
EndProject
Project("{FAE04EC0-301F-11D3-BF4B-00C04F79EFBC}") = "13DecimalToHex", "DecimalToHex\13DecimalToHex.csproj", "{28BBA110-7A51-4DEC-A8FA-EB3FB70237C4}"
EndProject
Project("{FAE04EC0-301F-11D3-BF4B-00C04F79EFBC}") = "14HextToDecimal", "HextToDecimal\14HextToDecimal.csproj", "{3BBD58E4-DC83-40CE-B5CA-3D1CD351DE29}"
EndProject
Project("{FAE04EC0-301F-11D3-BF4B-00C04F79EFBC}") = "15GCD", "GCD\15GCD.csproj", "{CB6D5E94-C8A1-40F5-97B6-B10F0D567503}"
EndProject
Project("{FAE04EC0-301F-11D3-BF4B-00C04F79EFBC}") = "16TrailingZeroesInN", "TrailingZeroesInN\16TrailingZeroesInN.csproj", "{D6D5ED57-5EB4-48F3-B821-DF775B103164}"
EndProject
Project("{FAE04EC0-301F-11D3-BF4B-00C04F79EFBC}") = "17SpiralMatrix", "SpiralMatrix\17SpiralMatrix.csproj", "{3DE20E1E-80F0-4855-80E1-1FD349B43D29}"
EndProject
Global
	GlobalSection(SolutionConfigurationPlatforms) = preSolution
		Debug|Any CPU = Debug|Any CPU
		Release|Any CPU = Release|Any CPU
	EndGlobalSection
	GlobalSection(ProjectConfigurationPlatforms) = postSolution
		{D3AD1F73-B5C4-477D-ACAC-A6DA5EB1C673}.Debug|Any CPU.ActiveCfg = Debug|Any CPU
		{D3AD1F73-B5C4-477D-ACAC-A6DA5EB1C673}.Debug|Any CPU.Build.0 = Debug|Any CPU
		{D3AD1F73-B5C4-477D-ACAC-A6DA5EB1C673}.Release|Any CPU.ActiveCfg = Release|Any CPU
		{D3AD1F73-B5C4-477D-ACAC-A6DA5EB1C673}.Release|Any CPU.Build.0 = Release|Any CPU
		{66B5C48C-314E-44D2-907B-2884405011C3}.Debug|Any CPU.ActiveCfg = Debug|Any CPU
		{66B5C48C-314E-44D2-907B-2884405011C3}.Debug|Any CPU.Build.0 = Debug|Any CPU
		{66B5C48C-314E-44D2-907B-2884405011C3}.Release|Any CPU.ActiveCfg = Release|Any CPU
		{66B5C48C-314E-44D2-907B-2884405011C3}.Release|Any CPU.Build.0 = Release|Any CPU
		{FDCE57EE-C259-4CF9-88D1-6BB50396874D}.Debug|Any CPU.ActiveCfg = Debug|Any CPU
		{FDCE57EE-C259-4CF9-88D1-6BB50396874D}.Debug|Any CPU.Build.0 = Debug|Any CPU
		{FDCE57EE-C259-4CF9-88D1-6BB50396874D}.Release|Any CPU.ActiveCfg = Release|Any CPU
		{FDCE57EE-C259-4CF9-88D1-6BB50396874D}.Release|Any CPU.Build.0 = Release|Any CPU
		{ADB28AD1-76F8-4C6A-B4D9-3C16D993371E}.Debug|Any CPU.ActiveCfg = Debug|Any CPU
		{ADB28AD1-76F8-4C6A-B4D9-3C16D993371E}.Debug|Any CPU.Build.0 = Debug|Any CPU
		{ADB28AD1-76F8-4C6A-B4D9-3C16D993371E}.Release|Any CPU.ActiveCfg = Release|Any CPU
		{ADB28AD1-76F8-4C6A-B4D9-3C16D993371E}.Release|Any CPU.Build.0 = Release|Any CPU
		{DAA2E409-617D-4EDB-B297-F4DFE62A2D7C}.Debug|Any CPU.ActiveCfg = Debug|Any CPU
		{DAA2E409-617D-4EDB-B297-F4DFE62A2D7C}.Debug|Any CPU.Build.0 = Debug|Any CPU
		{DAA2E409-617D-4EDB-B297-F4DFE62A2D7C}.Release|Any CPU.ActiveCfg = Release|Any CPU
		{DAA2E409-617D-4EDB-B297-F4DFE62A2D7C}.Release|Any CPU.Build.0 = Release|Any CPU
		{AB95348F-55E6-41F4-94C5-4FFE2695B7A3}.Debug|Any CPU.ActiveCfg = Debug|Any CPU
		{AB95348F-55E6-41F4-94C5-4FFE2695B7A3}.Debug|Any CPU.Build.0 = Debug|Any CPU
		{AB95348F-55E6-41F4-94C5-4FFE2695B7A3}.Release|Any CPU.ActiveCfg = Release|Any CPU
		{AB95348F-55E6-41F4-94C5-4FFE2695B7A3}.Release|Any CPU.Build.0 = Release|Any CPU
		{A78DBCB0-4EE8-4B11-BCFA-06CD211FB472}.Debug|Any CPU.ActiveCfg = Debug|Any CPU
		{A78DBCB0-4EE8-4B11-BCFA-06CD211FB472}.Debug|Any CPU.Build.0 = Debug|Any CPU
		{A78DBCB0-4EE8-4B11-BCFA-06CD211FB472}.Release|Any CPU.ActiveCfg = Release|Any CPU
		{A78DBCB0-4EE8-4B11-BCFA-06CD211FB472}.Release|Any CPU.Build.0 = Release|Any CPU
		{29AAFE50-45D7-4974-B2FF-BB858B6C8B6F}.Debug|Any CPU.ActiveCfg = Debug|Any CPU
		{29AAFE50-45D7-4974-B2FF-BB858B6C8B6F}.Debug|Any CPU.Build.0 = Debug|Any CPU
		{29AAFE50-45D7-4974-B2FF-BB858B6C8B6F}.Release|Any CPU.ActiveCfg = Release|Any CPU
		{29AAFE50-45D7-4974-B2FF-BB858B6C8B6F}.Release|Any CPU.Build.0 = Release|Any CPU
		{D2BCAFD6-9244-4E5E-BD7E-59BE9B099BFF}.Debug|Any CPU.ActiveCfg = Debug|Any CPU
		{D2BCAFD6-9244-4E5E-BD7E-59BE9B099BFF}.Debug|Any CPU.Build.0 = Debug|Any CPU
		{D2BCAFD6-9244-4E5E-BD7E-59BE9B099BFF}.Release|Any CPU.ActiveCfg = Release|Any CPU
		{D2BCAFD6-9244-4E5E-BD7E-59BE9B099BFF}.Release|Any CPU.Build.0 = Release|Any CPU
		{DC777514-E80C-4515-9927-C69BA1410B8F}.Debug|Any CPU.ActiveCfg = Debug|Any CPU
		{DC777514-E80C-4515-9927-C69BA1410B8F}.Debug|Any CPU.Build.0 = Debug|Any CPU
		{DC777514-E80C-4515-9927-C69BA1410B8F}.Release|Any CPU.ActiveCfg = Release|Any CPU
		{DC777514-E80C-4515-9927-C69BA1410B8F}.Release|Any CPU.Build.0 = Release|Any CPU
		{6CAAC17A-0C7D-471D-A658-6C6CC2484665}.Debug|Any CPU.ActiveCfg = Debug|Any CPU
		{6CAAC17A-0C7D-471D-A658-6C6CC2484665}.Debug|Any CPU.Build.0 = Debug|Any CPU
		{6CAAC17A-0C7D-471D-A658-6C6CC2484665}.Release|Any CPU.ActiveCfg = Release|Any CPU
		{6CAAC17A-0C7D-471D-A658-6C6CC2484665}.Release|Any CPU.Build.0 = Release|Any CPU
		{C4BDAFD5-5433-403E-A279-C3849EA9FE26}.Debug|Any CPU.ActiveCfg = Debug|Any CPU
		{C4BDAFD5-5433-403E-A279-C3849EA9FE26}.Debug|Any CPU.Build.0 = Debug|Any CPU
		{C4BDAFD5-5433-403E-A279-C3849EA9FE26}.Release|Any CPU.ActiveCfg = Release|Any CPU
		{C4BDAFD5-5433-403E-A279-C3849EA9FE26}.Release|Any CPU.Build.0 = Release|Any CPU
		{28BBA110-7A51-4DEC-A8FA-EB3FB70237C4}.Debug|Any CPU.ActiveCfg = Debug|Any CPU
		{28BBA110-7A51-4DEC-A8FA-EB3FB70237C4}.Debug|Any CPU.Build.0 = Debug|Any CPU
		{28BBA110-7A51-4DEC-A8FA-EB3FB70237C4}.Release|Any CPU.ActiveCfg = Release|Any CPU
		{28BBA110-7A51-4DEC-A8FA-EB3FB70237C4}.Release|Any CPU.Build.0 = Release|Any CPU
		{3BBD58E4-DC83-40CE-B5CA-3D1CD351DE29}.Debug|Any CPU.ActiveCfg = Debug|Any CPU
		{3BBD58E4-DC83-40CE-B5CA-3D1CD351DE29}.Debug|Any CPU.Build.0 = Debug|Any CPU
		{3BBD58E4-DC83-40CE-B5CA-3D1CD351DE29}.Release|Any CPU.ActiveCfg = Release|Any CPU
		{3BBD58E4-DC83-40CE-B5CA-3D1CD351DE29}.Release|Any CPU.Build.0 = Release|Any CPU
		{CB6D5E94-C8A1-40F5-97B6-B10F0D567503}.Debug|Any CPU.ActiveCfg = Debug|Any CPU
		{CB6D5E94-C8A1-40F5-97B6-B10F0D567503}.Debug|Any CPU.Build.0 = Debug|Any CPU
		{CB6D5E94-C8A1-40F5-97B6-B10F0D567503}.Release|Any CPU.ActiveCfg = Release|Any CPU
		{CB6D5E94-C8A1-40F5-97B6-B10F0D567503}.Release|Any CPU.Build.0 = Release|Any CPU
		{D6D5ED57-5EB4-48F3-B821-DF775B103164}.Debug|Any CPU.ActiveCfg = Debug|Any CPU
		{D6D5ED57-5EB4-48F3-B821-DF775B103164}.Debug|Any CPU.Build.0 = Debug|Any CPU
		{D6D5ED57-5EB4-48F3-B821-DF775B103164}.Release|Any CPU.ActiveCfg = Release|Any CPU
		{D6D5ED57-5EB4-48F3-B821-DF775B103164}.Release|Any CPU.Build.0 = Release|Any CPU
		{3DE20E1E-80F0-4855-80E1-1FD349B43D29}.Debug|Any CPU.ActiveCfg = Debug|Any CPU
		{3DE20E1E-80F0-4855-80E1-1FD349B43D29}.Debug|Any CPU.Build.0 = Debug|Any CPU
		{3DE20E1E-80F0-4855-80E1-1FD349B43D29}.Release|Any CPU.ActiveCfg = Release|Any CPU
		{3DE20E1E-80F0-4855-80E1-1FD349B43D29}.Release|Any CPU.Build.0 = Release|Any CPU
	EndGlobalSection
	GlobalSection(SolutionProperties) = preSolution
		HideSolutionNode = FALSE
	EndGlobalSection
EndGlobal
